// !$*UTF8*$!
{
	archiveVersion = 1;
	classes = {
	};
	objectVersion = 46;
	objects = {

/* Begin PBXBuildFile section */
		0A0DD60D99802F3DFB9B2EE0 /* Foundation.framework in Frameworks */ = {isa = PBXBuildFile; fileRef = 2AA6CA2B927F955BF0C9EFFE /* Foundation.framework */; };
		23F0894F140DECE0F23550E8 /* GameModel.swift in Sources */ = {isa = PBXBuildFile; fileRef = C7F332705BF64676806E8A30 /* GameModel.swift */; };
		2DC64D6C48C8EE0B396AE10E /* Foundation.framework in Frameworks */ = {isa = PBXBuildFile; fileRef = 2AA6CA2B927F955BF0C9EFFE /* Foundation.framework */; };
		393ABD2B89BE04D7E3AB1A0D /* GameCenterTransport.swift in Sources */ = {isa = PBXBuildFile; fileRef = EFF389A5BF8DB3826E5455EC /* GameCenterTransport.swift */; };
		3A1DCB49E4D3F4B012AFC18E /* MarblezzzCore in Frameworks */ = {isa = PBXBuildFile; productRef = 4A4F39BEAE7DB354263C077F /* MarblezzzCore */; };
		3D76F41AF319B343478E3D1F /* MarblezzzUITests.swift in Sources */ = {isa = PBXBuildFile; fileRef = C9BFA3BE8B283B097FE04931 /* MarblezzzUITests.swift */; };
		3F791A0679D18BCE82708F1A /* PrivacyInfo.xcprivacy in Resources */ = {isa = PBXBuildFile; fileRef = BDEB2E5FAE450F7C8B053934 /* PrivacyInfo.xcprivacy */; };
		3FD2375D636D909736C86DA2 /* GameTableView.swift in Sources */ = {isa = PBXBuildFile; fileRef = 33DF2C413784E394241B50FF /* GameTableView.swift */; };
		529409F4FC7CF727C5B23571 /* Appearance.swift in Sources */ = {isa = PBXBuildFile; fileRef = 6AFA74EE45DBB8CBB86397D0 /* Appearance.swift */; };
		53DB601903D2C2D1A9C879EA /* BoardFinishesView.swift in Sources */ = {isa = PBXBuildFile; fileRef = 542CF830C2BD8A86B674999D /* BoardFinishesView.swift */; };
		5EA80A2E4B5B68A7227376A6 /* TutorialView.swift in Sources */ = {isa = PBXBuildFile; fileRef = 31D69E978D95F1A35D4FA6B9 /* TutorialView.swift */; };
		7282CF4CBF4659B9E4A31952 /* TableSetupView.swift in Sources */ = {isa = PBXBuildFile; fileRef = 67D85BC6E38C986E02C4DB0F /* TableSetupView.swift */; };
		73DA7E60B0BC84245F367BBD /* MarbleBoardScene.swift in Sources */ = {isa = PBXBuildFile; fileRef = 6DA3B3970C99BE7CC2C3B104 /* MarbleBoardScene.swift */; };
		74C56B53BC2FBAEBC1FFC787 /* RootView.swift in Sources */ = {isa = PBXBuildFile; fileRef = 2464EE304C9ACA98A65EBFEC /* RootView.swift */; };
		85EBBB15241E1A7D0B8BE733 /* Foundation.framework in Frameworks */ = {isa = PBXBuildFile; fileRef = 2AA6CA2B927F955BF0C9EFFE /* Foundation.framework */; };
		ABA822460B6EE7248E9FF2D2 /* MarblezzzApp.swift in Sources */ = {isa = PBXBuildFile; fileRef = 4DF2729C1F4DC7D5E781AA8C /* MarblezzzApp.swift */; };
		B7D3169585A6C7D02722A3C6 /* GameModelTests.swift in Sources */ = {isa = PBXBuildFile; fileRef = 8B0C58AF8559868CA627B9A8 /* GameModelTests.swift */; };
		BF308333019EE2E1B978D0F7 /* MarblezzzCore in Frameworks */ = {isa = PBXBuildFile; productRef = 56C21BADA471C3B290BA56D9 /* MarblezzzCore */; };
		C0DBDBA397853A98B899C395 /* Assets.xcassets in Resources */ = {isa = PBXBuildFile; fileRef = AF2C1C07E8270E516A5A3859 /* Assets.xcassets */; };
		CF62543E903F5DBE6FEE169E /* Localizable.xcstrings in Resources */ = {isa = PBXBuildFile; fileRef = B0C7B50B9F886AA4DB44C4FD /* Localizable.xcstrings */; };
/* End PBXBuildFile section */

/* Begin PBXContainerItemProxy section */
		F4624FD87FF775F642B6F166 /* PBXContainerItemProxy */ = {
			isa = PBXContainerItemProxy;
			containerPortal = 9964611062480471870EE5A2 /* Project object */;
			proxyType = 1;
			remoteGlobalIDString = 7A03C2006195D2D030B01F74;
			remoteInfo = Marblezzz;
		};
		F61FF20AFF8773627CE929B2 /* PBXContainerItemProxy */ = {
			isa = PBXContainerItemProxy;
			containerPortal = 9964611062480471870EE5A2 /* Project object */;
			proxyType = 1;
			remoteGlobalIDString = 7A03C2006195D2D030B01F74;
			remoteInfo = Marblezzz;
		};
/* End PBXContainerItemProxy section */

/* Begin PBXFileReference section */
		0199BBC8DAD2793D3A14F2E3 /* MarblezzzUITests.xctest */ = {isa = PBXFileReference; explicitFileType = wrapper.cfbundle; includeInIndex = 0; path = MarblezzzUITests.xctest; sourceTree = BUILT_PRODUCTS_DIR; };
		1F85A655F09E5A6ECD2A9966 /* MarblezzzTests.xctest */ = {isa = PBXFileReference; explicitFileType = wrapper.cfbundle; includeInIndex = 0; path = MarblezzzTests.xctest; sourceTree = BUILT_PRODUCTS_DIR; };
		2464EE304C9ACA98A65EBFEC /* RootView.swift */ = {isa = PBXFileReference; includeInIndex = 1; lastKnownFileType = sourcecode.swift; name = RootView.swift; path = Views/RootView.swift; sourceTree = "<group>"; };
		2AA6CA2B927F955BF0C9EFFE /* Foundation.framework */ = {isa = PBXFileReference; lastKnownFileType = wrapper.framework; name = Foundation.framework; path = Platforms/iPhoneOS.platform/Developer/SDKs/iPhoneOS18.0.sdk/System/Library/Frameworks/Foundation.framework; sourceTree = DEVELOPER_DIR; };
		31D69E978D95F1A35D4FA6B9 /* TutorialView.swift */ = {isa = PBXFileReference; includeInIndex = 1; lastKnownFileType = sourcecode.swift; name = TutorialView.swift; path = Views/TutorialView.swift; sourceTree = "<group>"; };
		33DF2C413784E394241B50FF /* GameTableView.swift */ = {isa = PBXFileReference; includeInIndex = 1; lastKnownFileType = sourcecode.swift; name = GameTableView.swift; path = Views/GameTableView.swift; sourceTree = "<group>"; };
		4DF2729C1F4DC7D5E781AA8C /* MarblezzzApp.swift */ = {isa = PBXFileReference; includeInIndex = 1; lastKnownFileType = sourcecode.swift; path = MarblezzzApp.swift; sourceTree = "<group>"; };
		542CF830C2BD8A86B674999D /* BoardFinishesView.swift */ = {isa = PBXFileReference; includeInIndex = 1; lastKnownFileType = sourcecode.swift; name = BoardFinishesView.swift; path = Views/BoardFinishesView.swift; sourceTree = "<group>"; };
		67D85BC6E38C986E02C4DB0F /* TableSetupView.swift */ = {isa = PBXFileReference; includeInIndex = 1; lastKnownFileType = sourcecode.swift; name = TableSetupView.swift; path = Views/TableSetupView.swift; sourceTree = "<group>"; };
		6AFA74EE45DBB8CBB86397D0 /* Appearance.swift */ = {isa = PBXFileReference; includeInIndex = 1; lastKnownFileType = sourcecode.swift; path = Appearance.swift; sourceTree = "<group>"; };
		6DA3B3970C99BE7CC2C3B104 /* MarbleBoardScene.swift */ = {isa = PBXFileReference; includeInIndex = 1; lastKnownFileType = sourcecode.swift; name = MarbleBoardScene.swift; path = Board/MarbleBoardScene.swift; sourceTree = "<group>"; };
		746A99CB168457B113F6D2E2 /* Marblezzz.entitlements */ = {isa = PBXFileReference; includeInIndex = 1; lastKnownFileType = text.plist.entitlements; path = Marblezzz.entitlements; sourceTree = "<group>"; };
		8B0C58AF8559868CA627B9A8 /* GameModelTests.swift */ = {isa = PBXFileReference; includeInIndex = 1; lastKnownFileType = sourcecode.swift; path = GameModelTests.swift; sourceTree = "<group>"; };
		A61B8DBADC1F679537205CDC /* Info.plist */ = {isa = PBXFileReference; includeInIndex = 1; lastKnownFileType = text.plist.xml; path = Info.plist; sourceTree = "<group>"; };
		AF2C1C07E8270E516A5A3859 /* Assets.xcassets */ = {isa = PBXFileReference; includeInIndex = 1; lastKnownFileType = folder.assetcatalog; path = Assets.xcassets; sourceTree = "<group>"; };
		B0C7B50B9F886AA4DB44C4FD /* Localizable.xcstrings */ = {isa = PBXFileReference; includeInIndex = 1; name = Localizable.xcstrings; path = Resources/Localizable.xcstrings; sourceTree = "<group>"; };
		BDEB2E5FAE450F7C8B053934 /* PrivacyInfo.xcprivacy */ = {isa = PBXFileReference; includeInIndex = 1; name = PrivacyInfo.xcprivacy; path = Resources/PrivacyInfo.xcprivacy; sourceTree = "<group>"; };
		C7F332705BF64676806E8A30 /* GameModel.swift */ = {isa = PBXFileReference; includeInIndex = 1; lastKnownFileType = sourcecode.swift; path = GameModel.swift; sourceTree = "<group>"; };
		C9BFA3BE8B283B097FE04931 /* MarblezzzUITests.swift */ = {isa = PBXFileReference; includeInIndex = 1; lastKnownFileType = sourcecode.swift; path = MarblezzzUITests.swift; sourceTree = "<group>"; };
		D1CEC89CBBAA79756D5E0800 /* Marblezzz.app */ = {isa = PBXFileReference; explicitFileType = wrapper.application; includeInIndex = 0; path = Marblezzz.app; sourceTree = BUILT_PRODUCTS_DIR; };
		EFF389A5BF8DB3826E5455EC /* GameCenterTransport.swift */ = {isa = PBXFileReference; includeInIndex = 1; lastKnownFileType = sourcecode.swift; name = GameCenterTransport.swift; path = Services/GameCenterTransport.swift; sourceTree = "<group>"; };
/* End PBXFileReference section */

/* Begin PBXFrameworksBuildPhase section */
		6F63528C821FBB207A3914BB /* Frameworks */ = {
			isa = PBXFrameworksBuildPhase;
			buildActionMask = 2147483647;
			files = (
				85EBBB15241E1A7D0B8BE733 /* Foundation.framework in Frameworks */,
				3A1DCB49E4D3F4B012AFC18E /* MarblezzzCore in Frameworks */,
			);
			runOnlyForDeploymentPostprocessing = 0;
		};
		998BDF5374672371EBCABE65 /* Frameworks */ = {
			isa = PBXFrameworksBuildPhase;
			buildActionMask = 2147483647;
			files = (
				0A0DD60D99802F3DFB9B2EE0 /* Foundation.framework in Frameworks */,
			);
			runOnlyForDeploymentPostprocessing = 0;
		};
		998C7A272E6EB227371D26C9 /* Frameworks */ = {
			isa = PBXFrameworksBuildPhase;
			buildActionMask = 2147483647;
			files = (
				2DC64D6C48C8EE0B396AE10E /* Foundation.framework in Frameworks */,
				BF308333019EE2E1B978D0F7 /* MarblezzzCore in Frameworks */,
			);
			runOnlyForDeploymentPostprocessing = 0;
		};
/* End PBXFrameworksBuildPhase section */

/* Begin PBXGroup section */
		132F310D4C4473632F4B23E1 /* iOS */ = {
			isa = PBXGroup;
			children = (
				2AA6CA2B927F955BF0C9EFFE /* Foundation.framework */,
			);
			name = iOS;
			sourceTree = "<group>";
		};
		1388C04BE6EA2D13A5FC73C6 /* MarblezzzUITests */ = {
			isa = PBXGroup;
			children = (
				C9BFA3BE8B283B097FE04931 /* MarblezzzUITests.swift */,
			);
			name = MarblezzzUITests;
			path = MarblezzzUITests;
			sourceTree = "<group>";
		};
		3390B0F98619F60F8E1D5D4B /* Marblezzz */ = {
			isa = PBXGroup;
			children = (
				6AFA74EE45DBB8CBB86397D0 /* Appearance.swift */,
				6DA3B3970C99BE7CC2C3B104 /* MarbleBoardScene.swift */,
				C7F332705BF64676806E8A30 /* GameModel.swift */,
				4DF2729C1F4DC7D5E781AA8C /* MarblezzzApp.swift */,
				EFF389A5BF8DB3826E5455EC /* GameCenterTransport.swift */,
				542CF830C2BD8A86B674999D /* BoardFinishesView.swift */,
				33DF2C413784E394241B50FF /* GameTableView.swift */,
				2464EE304C9ACA98A65EBFEC /* RootView.swift */,
				67D85BC6E38C986E02C4DB0F /* TableSetupView.swift */,
				31D69E978D95F1A35D4FA6B9 /* TutorialView.swift */,
				B0C7B50B9F886AA4DB44C4FD /* Localizable.xcstrings */,
				BDEB2E5FAE450F7C8B053934 /* PrivacyInfo.xcprivacy */,
				AF2C1C07E8270E516A5A3859 /* Assets.xcassets */,
				A61B8DBADC1F679537205CDC /* Info.plist */,
				746A99CB168457B113F6D2E2 /* Marblezzz.entitlements */,
			);
			name = Marblezzz;
			path = Marblezzz;
			sourceTree = "<group>";
		};
		5941E061EF8729508D26106D /* Frameworks */ = {
			isa = PBXGroup;
			children = (
				132F310D4C4473632F4B23E1 /* iOS */,
			);
			name = Frameworks;
			sourceTree = "<group>";
		};
		8CB698961E89C46C6240920A = {
			isa = PBXGroup;
			children = (
				F4761EA120503A1F3D878C2A /* Products */,
				5941E061EF8729508D26106D /* Frameworks */,
				3390B0F98619F60F8E1D5D4B /* Marblezzz */,
				949D87E7C050B261007757F1 /* MarblezzzTests */,
				1388C04BE6EA2D13A5FC73C6 /* MarblezzzUITests */,
			);
			sourceTree = "<group>";
		};
		949D87E7C050B261007757F1 /* MarblezzzTests */ = {
			isa = PBXGroup;
			children = (
				8B0C58AF8559868CA627B9A8 /* GameModelTests.swift */,
			);
			name = MarblezzzTests;
			path = MarblezzzTests;
			sourceTree = "<group>";
		};
		F4761EA120503A1F3D878C2A /* Products */ = {
			isa = PBXGroup;
			children = (
				D1CEC89CBBAA79756D5E0800 /* Marblezzz.app */,
				1F85A655F09E5A6ECD2A9966 /* MarblezzzTests.xctest */,
				0199BBC8DAD2793D3A14F2E3 /* MarblezzzUITests.xctest */,
			);
			name = Products;
			sourceTree = "<group>";
		};
/* End PBXGroup section */

/* Begin PBXNativeTarget section */
		362014903B633361D29015E2 /* MarblezzzTests */ = {
			isa = PBXNativeTarget;
			buildConfigurationList = E7C0E4008222F5E43C11428C /* Build configuration list for PBXNativeTarget "MarblezzzTests" */;
			buildPhases = (
				23A8ED20EBD6A933BEE5DC51 /* Sources */,
				6F63528C821FBB207A3914BB /* Frameworks */,
				2BC4E13DCDC183E45A23EB32 /* Resources */,
			);
			buildRules = (
			);
			dependencies = (
				BF7DF0C4FAE768A7F5EDFFBD /* PBXTargetDependency */,
			);
			name = MarblezzzTests;
			packageProductDependencies = (
				4A4F39BEAE7DB354263C077F /* MarblezzzCore */,
			);
			productName = MarblezzzTests;
			productReference = 1F85A655F09E5A6ECD2A9966 /* MarblezzzTests.xctest */;
			productType = "com.apple.product-type.bundle.unit-test";
		};
		5091F8B24C6B11AEC97B9D33 /* MarblezzzUITests */ = {
			isa = PBXNativeTarget;
			buildConfigurationList = ED017A595A089B5240A408CC /* Build configuration list for PBXNativeTarget "MarblezzzUITests" */;
			buildPhases = (
				F26919ACCF958F52131CA18B /* Sources */,
				998BDF5374672371EBCABE65 /* Frameworks */,
				3DBCC33D45BBF16912B465E1 /* Resources */,
			);
			buildRules = (
			);
			dependencies = (
				A8D4E5085C4AFF9602EFC39F /* PBXTargetDependency */,
			);
			name = MarblezzzUITests;
			productName = MarblezzzUITests;
			productReference = 0199BBC8DAD2793D3A14F2E3 /* MarblezzzUITests.xctest */;
			productType = "com.apple.product-type.bundle.ui-testing";
		};
		7A03C2006195D2D030B01F74 /* Marblezzz */ = {
			isa = PBXNativeTarget;
			buildConfigurationList = ED7D1CCFB2FD20335988124A /* Build configuration list for PBXNativeTarget "Marblezzz" */;
			buildPhases = (
				42485EF16649937AE1232879 /* Sources */,
				998C7A272E6EB227371D26C9 /* Frameworks */,
				5897A84F19FAB7F4B110BF15 /* Resources */,
			);
			buildRules = (
			);
			dependencies = (
			);
			name = Marblezzz;
			packageProductDependencies = (
				56C21BADA471C3B290BA56D9 /* MarblezzzCore */,
			);
			productName = Marblezzz;
			productReference = D1CEC89CBBAA79756D5E0800 /* Marblezzz.app */;
			productType = "com.apple.product-type.application";
		};
/* End PBXNativeTarget section */

/* Begin PBXProject section */
		9964611062480471870EE5A2 /* Project object */ = {
			isa = PBXProject;
			attributes = {
				BuildIndependentTargetsInParallel = YES;
				LastSwiftUpdateCheck = 1600;
				LastUpgradeCheck = 2700;
			};
			buildConfigurationList = BA0DAF94C287256943F8346D /* Build configuration list for PBXProject "Marblezzz" */;
			compatibilityVersion = "Xcode 3.2";
			developmentRegion = en;
			hasScannedForEncodings = 0;
			knownRegions = (
				en,
				Base,
			);
			mainGroup = 8CB698961E89C46C6240920A;
			minimizedProjectReferenceProxies = 0;
			packageReferences = (
				9D6C4DD0A23E50AF9E33534F /* XCLocalSwiftPackageReference "MarblezzzCore" */,
			);
			preferredProjectObjectVersion = 77;
			productRefGroup = F4761EA120503A1F3D878C2A /* Products */;
			projectDirPath = "";
			projectRoot = "";
			targets = (
				7A03C2006195D2D030B01F74 /* Marblezzz */,
				362014903B633361D29015E2 /* MarblezzzTests */,
				5091F8B24C6B11AEC97B9D33 /* MarblezzzUITests */,
			);
		};
/* End PBXProject section */

/* Begin PBXResourcesBuildPhase section */
		2BC4E13DCDC183E45A23EB32 /* Resources */ = {
			isa = PBXResourcesBuildPhase;
			buildActionMask = 2147483647;
			files = (
			);
			runOnlyForDeploymentPostprocessing = 0;
		};
		3DBCC33D45BBF16912B465E1 /* Resources */ = {
			isa = PBXResourcesBuildPhase;
			buildActionMask = 2147483647;
			files = (
			);
			runOnlyForDeploymentPostprocessing = 0;
		};
		5897A84F19FAB7F4B110BF15 /* Resources */ = {
			isa = PBXResourcesBuildPhase;
			buildActionMask = 2147483647;
			files = (
				CF62543E903F5DBE6FEE169E /* Localizable.xcstrings in Resources */,
				3F791A0679D18BCE82708F1A /* PrivacyInfo.xcprivacy in Resources */,
				C0DBDBA397853A98B899C395 /* Assets.xcassets in Resources */,
			);
			runOnlyForDeploymentPostprocessing = 0;
		};
/* End PBXResourcesBuildPhase section */

/* Begin PBXSourcesBuildPhase section */
		23A8ED20EBD6A933BEE5DC51 /* Sources */ = {
			isa = PBXSourcesBuildPhase;
			buildActionMask = 2147483647;
			files = (
				B7D3169585A6C7D02722A3C6 /* GameModelTests.swift in Sources */,
			);
			runOnlyForDeploymentPostprocessing = 0;
		};
		42485EF16649937AE1232879 /* Sources */ = {
			isa = PBXSourcesBuildPhase;
			buildActionMask = 2147483647;
			files = (
				529409F4FC7CF727C5B23571 /* Appearance.swift in Sources */,
				73DA7E60B0BC84245F367BBD /* MarbleBoardScene.swift in Sources */,
				23F0894F140DECE0F23550E8 /* GameModel.swift in Sources */,
				ABA822460B6EE7248E9FF2D2 /* MarblezzzApp.swift in Sources */,
				393ABD2B89BE04D7E3AB1A0D /* GameCenterTransport.swift in Sources */,
				53DB601903D2C2D1A9C879EA /* BoardFinishesView.swift in Sources */,
				3FD2375D636D909736C86DA2 /* GameTableView.swift in Sources */,
				74C56B53BC2FBAEBC1FFC787 /* RootView.swift in Sources */,
				7282CF4CBF4659B9E4A31952 /* TableSetupView.swift in Sources */,
				5EA80A2E4B5B68A7227376A6 /* TutorialView.swift in Sources */,
			);
			runOnlyForDeploymentPostprocessing = 0;
		};
		F26919ACCF958F52131CA18B /* Sources */ = {
			isa = PBXSourcesBuildPhase;
			buildActionMask = 2147483647;
			files = (
				3D76F41AF319B343478E3D1F /* MarblezzzUITests.swift in Sources */,
			);
			runOnlyForDeploymentPostprocessing = 0;
		};
/* End PBXSourcesBuildPhase section */

/* Begin PBXTargetDependency section */
		A8D4E5085C4AFF9602EFC39F /* PBXTargetDependency */ = {
			isa = PBXTargetDependency;
			name = Marblezzz;
			target = 7A03C2006195D2D030B01F74 /* Marblezzz */;
			targetProxy = F61FF20AFF8773627CE929B2 /* PBXContainerItemProxy */;
		};
		BF7DF0C4FAE768A7F5EDFFBD /* PBXTargetDependency */ = {
			isa = PBXTargetDependency;
			name = Marblezzz;
			target = 7A03C2006195D2D030B01F74 /* Marblezzz */;
			targetProxy = F4624FD87FF775F642B6F166 /* PBXContainerItemProxy */;
		};
/* End PBXTargetDependency section */

/* Begin XCBuildConfiguration section */
		1D5B52EF6E1328C7729357D5 /* Debug */ = {
			isa = XCBuildConfiguration;
			buildSettings = {
				ASSETCATALOG_COMPILER_APPICON_NAME = AppIcon;
				ASSETCATALOG_COMPILER_GLOBAL_ACCENT_COLOR_NAME = AccentColor;
				CLANG_ENABLE_OBJC_WEAK = NO;
				CODE_SIGN_ENTITLEMENTS = Marblezzz/Marblezzz.entitlements;
				CODE_SIGN_STYLE = Automatic;
				CURRENT_PROJECT_VERSION = 8;
				ENABLE_USER_SCRIPT_SANDBOXING = YES;
				INFOPLIST_FILE = Marblezzz/Info.plist;
				IPHONEOS_DEPLOYMENT_TARGET = 18.0;
				LD_RUNPATH_SEARCH_PATHS = "$(inherited) @executable_path/Frameworks";
				MARKETING_VERSION = 26.10.01;
				PRODUCT_BUNDLE_IDENTIFIER = com.marblezzz.app;
				SDKROOT = iphoneos;
				SWIFT_ACTIVE_COMPILATION_CONDITIONS = DEBUG;
				SWIFT_EMIT_LOC_STRINGS = YES;
				SWIFT_VERSION = 6.0;
				TARGETED_DEVICE_FAMILY = "1,2";
			};
			name = Debug;
		};
		40F2F56C3FE63E97FBD67A23 /* Release */ = {
			isa = XCBuildConfiguration;
			buildSettings = {
				ALWAYS_SEARCH_USER_PATHS = NO;
				CLANG_ANALYZER_NONNULL = YES;
				CLANG_ANALYZER_NUMBER_OBJECT_CONVERSION = YES_AGGRESSIVE;
				CLANG_CXX_LANGUAGE_STANDARD = "gnu++14";
				CLANG_CXX_LIBRARY = "libc++";
				CLANG_ENABLE_MODULES = YES;
				CLANG_ENABLE_OBJC_ARC = YES;
				CLANG_ENABLE_OBJC_WEAK = YES;
				CLANG_WARN_BLOCK_CAPTURE_AUTORELEASING = YES;
				CLANG_WARN_BOOL_CONVERSION = YES;
				CLANG_WARN_COMMA = YES;
				CLANG_WARN_CONSTANT_CONVERSION = YES;
				CLANG_WARN_DEPRECATED_OBJC_IMPLEMENTATIONS = YES;
				CLANG_WARN_DIRECT_OBJC_ISA_USAGE = YES_ERROR;
				CLANG_WARN_DOCUMENTATION_COMMENTS = YES;
				CLANG_WARN_EMPTY_BODY = YES;
				CLANG_WARN_ENUM_CONVERSION = YES;
				CLANG_WARN_INFINITE_RECURSION = YES;
				CLANG_WARN_INT_CONVERSION = YES;
				CLANG_WARN_NON_LITERAL_NULL_CONVERSION = YES;
				CLANG_WARN_OBJC_IMPLICIT_RETAIN_SELF = YES;
				CLANG_WARN_OBJC_LITERAL_CONVERSION = YES;
				CLANG_WARN_OBJC_ROOT_CLASS = YES_ERROR;
				CLANG_WARN_QUOTED_INCLUDE_IN_FRAMEWORK_HEADER = YES;
				CLANG_WARN_RANGE_LOOP_ANALYSIS = YES;
				CLANG_WARN_STRICT_PROTOTYPES = YES;
				CLANG_WARN_SUSPICIOUS_MOVE = YES;
				CLANG_WARN_UNGUARDED_AVAILABILITY = YES_AGGRESSIVE;
				CLANG_WARN_UNREACHABLE_CODE = YES;
				CLANG_WARN__DUPLICATE_METHOD_MATCH = YES;
				COPY_PHASE_STRIP = NO;
				DEBUG_INFORMATION_FORMAT = "dwarf-with-dsym";
				ENABLE_NS_ASSERTIONS = NO;
				ENABLE_STRICT_OBJC_MSGSEND = YES;
				GCC_C_LANGUAGE_STANDARD = gnu11;
				GCC_NO_COMMON_BLOCKS = YES;
				GCC_WARN_64_TO_32_BIT_CONVERSION = YES;
				GCC_WARN_ABOUT_RETURN_TYPE = YES_ERROR;
				GCC_WARN_UNDECLARED_SELECTOR = YES;
				GCC_WARN_UNINITIALIZED_AUTOS = YES_AGGRESSIVE;
				GCC_WARN_UNUSED_FUNCTION = YES;
				GCC_WARN_UNUSED_VARIABLE = YES;
				IPHONEOS_DEPLOYMENT_TARGET = 18.0;
				MTL_ENABLE_DEBUG_INFO = NO;
				MTL_FAST_MATH = YES;
				PRODUCT_NAME = "$(TARGET_NAME)";
				SWIFT_COMPILATION_MODE = wholemodule;
				SWIFT_OPTIMIZATION_LEVEL = "-O";
				SWIFT_VERSION = 6.0;
			};
			name = Release;
		};
		412E2A38162E16F16D28788A /* Release */ = {
			isa = XCBuildConfiguration;
			buildSettings = {
				ASSETCATALOG_COMPILER_APPICON_NAME = AppIcon;
				ASSETCATALOG_COMPILER_GLOBAL_ACCENT_COLOR_NAME = AccentColor;
				CLANG_ENABLE_OBJC_WEAK = NO;
				CODE_SIGN_ENTITLEMENTS = Marblezzz/Marblezzz.entitlements;
				CODE_SIGN_STYLE = Automatic;
				CURRENT_PROJECT_VERSION = 8;
				ENABLE_USER_SCRIPT_SANDBOXING = YES;
				INFOPLIST_FILE = Marblezzz/Info.plist;
				IPHONEOS_DEPLOYMENT_TARGET = 18.0;
				LD_RUNPATH_SEARCH_PATHS = "$(inherited) @executable_path/Frameworks";
				MARKETING_VERSION = 26.10.01;
				PRODUCT_BUNDLE_IDENTIFIER = com.marblezzz.app;
				SDKROOT = iphoneos;
				SWIFT_EMIT_LOC_STRINGS = YES;
				SWIFT_VERSION = 6.0;
				TARGETED_DEVICE_FAMILY = "1,2";
				VALIDATE_PRODUCT = YES;
			};
			name = Release;
		};
		49BA425BC294775D5508EF7B /* Release */ = {
			isa = XCBuildConfiguration;
			buildSettings = {
				CLANG_ENABLE_OBJC_WEAK = NO;
				GENERATE_INFOPLIST_FILE = YES;
				IPHONEOS_DEPLOYMENT_TARGET = 18.0;
				PRODUCT_BUNDLE_IDENTIFIER = com.marblezzz.app.uitests;
				SDKROOT = iphoneos;
				SWIFT_VERSION = 6.0;
				TARGETED_DEVICE_FAMILY = "1,2";
				TEST_TARGET_NAME = Marblezzz;
				VALIDATE_PRODUCT = YES;
			};
			name = Release;
		};
		8AB4F7F8AFEC4FF1C44B487E /* Debug */ = {
			isa = XCBuildConfiguration;
			buildSettings = {
				BUNDLE_LOADER = "$(TEST_HOST)";
				CLANG_ENABLE_OBJC_WEAK = NO;
				GENERATE_INFOPLIST_FILE = YES;
				IPHONEOS_DEPLOYMENT_TARGET = 18.0;
				PRODUCT_BUNDLE_IDENTIFIER = com.marblezzz.app.tests;
				SDKROOT = iphoneos;
				SWIFT_VERSION = 6.0;
				TARGETED_DEVICE_FAMILY = "1,2";
				TEST_HOST = "$(BUILT_PRODUCTS_DIR)/Marblezzz.app/$(BUNDLE_EXECUTABLE_FOLDER_PATH)/Marblezzz";
			};
			name = Debug;
		};
		976181089914A78339D3C80F /* Debug */ = {
			isa = XCBuildConfiguration;
			buildSettings = {
				ALWAYS_SEARCH_USER_PATHS = NO;
				CLANG_ANALYZER_NONNULL = YES;
				CLANG_ANALYZER_NUMBER_OBJECT_CONVERSION = YES_AGGRESSIVE;
				CLANG_CXX_LANGUAGE_STANDARD = "gnu++14";
				CLANG_CXX_LIBRARY = "libc++";
				CLANG_ENABLE_MODULES = YES;
				CLANG_ENABLE_OBJC_ARC = YES;
				CLANG_ENABLE_OBJC_WEAK = YES;
				CLANG_WARN_BLOCK_CAPTURE_AUTORELEASING = YES;
				CLANG_WARN_BOOL_CONVERSION = YES;
				CLANG_WARN_COMMA = YES;
				CLANG_WARN_CONSTANT_CONVERSION = YES;
				CLANG_WARN_DEPRECATED_OBJC_IMPLEMENTATIONS = YES;
				CLANG_WARN_DIRECT_OBJC_ISA_USAGE = YES_ERROR;
				CLANG_WARN_DOCUMENTATION_COMMENTS = YES;
				CLANG_WARN_EMPTY_BODY = YES;
				CLANG_WARN_ENUM_CONVERSION = YES;
				CLANG_WARN_INFINITE_RECURSION = YES;
				CLANG_WARN_INT_CONVERSION = YES;
				CLANG_WARN_NON_LITERAL_NULL_CONVERSION = YES;
				CLANG_WARN_OBJC_IMPLICIT_RETAIN_SELF = YES;
				CLANG_WARN_OBJC_LITERAL_CONVERSION = YES;
				CLANG_WARN_OBJC_ROOT_CLASS = YES_ERROR;
				CLANG_WARN_QUOTED_INCLUDE_IN_FRAMEWORK_HEADER = YES;
				CLANG_WARN_RANGE_LOOP_ANALYSIS = YES;
				CLANG_WARN_STRICT_PROTOTYPES = YES;
				CLANG_WARN_SUSPICIOUS_MOVE = YES;
				CLANG_WARN_UNGUARDED_AVAILABILITY = YES_AGGRESSIVE;
				CLANG_WARN_UNREACHABLE_CODE = YES;
				CLANG_WARN__DUPLICATE_METHOD_MATCH = YES;
				COPY_PHASE_STRIP = NO;
				DEBUG_INFORMATION_FORMAT = dwarf;
				ENABLE_STRICT_OBJC_MSGSEND = YES;
				ENABLE_TESTABILITY = YES;
				GCC_C_LANGUAGE_STANDARD = gnu11;
				GCC_DYNAMIC_NO_PIC = NO;
				GCC_NO_COMMON_BLOCKS = YES;
				GCC_OPTIMIZATION_LEVEL = 0;
				GCC_PREPROCESSOR_DEFINITIONS = (
					"DEBUG=1",
					"$(inherited)",
				);
				GCC_WARN_64_TO_32_BIT_CONVERSION = YES;
				GCC_WARN_ABOUT_RETURN_TYPE = YES_ERROR;
				GCC_WARN_UNDECLARED_SELECTOR = YES;
				GCC_WARN_UNINITIALIZED_AUTOS = YES_AGGRESSIVE;
				GCC_WARN_UNUSED_FUNCTION = YES;
				GCC_WARN_UNUSED_VARIABLE = YES;
				IPHONEOS_DEPLOYMENT_TARGET = 18.0;
				MTL_ENABLE_DEBUG_INFO = INCLUDE_SOURCE;
				MTL_FAST_MATH = YES;
				ONLY_ACTIVE_ARCH = YES;
				PRODUCT_NAME = "$(TARGET_NAME)";
				SWIFT_ACTIVE_COMPILATION_CONDITIONS = DEBUG;
				SWIFT_OPTIMIZATION_LEVEL = "-Onone";
				SWIFT_VERSION = 6.0;
			};
			name = Debug;
		};
		A37A0B8CF06D5482A9A29B93 /* Release */ = {
			isa = XCBuildConfiguration;
			buildSettings = {
				BUNDLE_LOADER = "$(TEST_HOST)";
				CLANG_ENABLE_OBJC_WEAK = NO;
				GENERATE_INFOPLIST_FILE = YES;
				IPHONEOS_DEPLOYMENT_TARGET = 18.0;
				PRODUCT_BUNDLE_IDENTIFIER = com.marblezzz.app.tests;
				SDKROOT = iphoneos;
				SWIFT_VERSION = 6.0;
				TARGETED_DEVICE_FAMILY = "1,2";
				TEST_HOST = "$(BUILT_PRODUCTS_DIR)/Marblezzz.app/$(BUNDLE_EXECUTABLE_FOLDER_PATH)/Marblezzz";
				VALIDATE_PRODUCT = YES;
			};
			name = Release;
		};
		C2D0D282ADCA675DC068421B /* Debug */ = {
			isa = XCBuildConfiguration;
			buildSettings = {
				CLANG_ENABLE_OBJC_WEAK = NO;
				GENERATE_INFOPLIST_FILE = YES;
				IPHONEOS_DEPLOYMENT_TARGET = 18.0;
				PRODUCT_BUNDLE_IDENTIFIER = com.marblezzz.app.uitests;
				SDKROOT = iphoneos;
				SWIFT_VERSION = 6.0;
				TARGETED_DEVICE_FAMILY = "1,2";
				TEST_TARGET_NAME = Marblezzz;
			};
			name = Debug;
		};
/* End XCBuildConfiguration section */

/* Begin XCConfigurationList section */
		BA0DAF94C287256943F8346D /* Build configuration list for PBXProject "Marblezzz" */ = {
			isa = XCConfigurationList;
			buildConfigurations = (
				976181089914A78339D3C80F /* Debug */,
				40F2F56C3FE63E97FBD67A23 /* Release */,
			);
			defaultConfigurationIsVisible = 0;
			defaultConfigurationName = Release;
		};
		E7C0E4008222F5E43C11428C /* Build configuration list for PBXNativeTarget "MarblezzzTests" */ = {
			isa = XCConfigurationList;
			buildConfigurations = (
				A37A0B8CF06D5482A9A29B93 /* Release */,
				8AB4F7F8AFEC4FF1C44B487E /* Debug */,
			);
			defaultConfigurationIsVisible = 0;
			defaultConfigurationName = Release;
		};
		ED017A595A089B5240A408CC /* Build configuration list for PBXNativeTarget "MarblezzzUITests" */ = {
			isa = XCConfigurationList;
			buildConfigurations = (
				49BA425BC294775D5508EF7B /* Release */,
				C2D0D282ADCA675DC068421B /* Debug */,
			);
			defaultConfigurationIsVisible = 0;
			defaultConfigurationName = Release;
		};
		ED7D1CCFB2FD20335988124A /* Build configuration list for PBXNativeTarget "Marblezzz" */ = {
			isa = XCConfigurationList;
			buildConfigurations = (
				412E2A38162E16F16D28788A /* Release */,
				1D5B52EF6E1328C7729357D5 /* Debug */,
			);
			defaultConfigurationIsVisible = 0;
			defaultConfigurationName = Release;
		};
/* End XCConfigurationList section */

/* Begin XCLocalSwiftPackageReference section */
		9D6C4DD0A23E50AF9E33534F /* XCLocalSwiftPackageReference "MarblezzzCore" */ = {
			isa = XCLocalSwiftPackageReference;
			relativePath = Packages/MarblezzzCore;
		};
/* End XCLocalSwiftPackageReference section */

/* Begin XCSwiftPackageProductDependency section */
		4A4F39BEAE7DB354263C077F /* MarblezzzCore */ = {
			isa = XCSwiftPackageProductDependency;
			package = 9D6C4DD0A23E50AF9E33534F /* XCLocalSwiftPackageReference "MarblezzzCore" */;
			productName = MarblezzzCore;
		};
		56C21BADA471C3B290BA56D9 /* MarblezzzCore */ = {
			isa = XCSwiftPackageProductDependency;
			package = 9D6C4DD0A23E50AF9E33534F /* XCLocalSwiftPackageReference "MarblezzzCore" */;
			productName = MarblezzzCore;
		};
/* End XCSwiftPackageProductDependency section */
	};
	rootObject = 9964611062480471870EE5A2 /* Project object */;
}
